
Microsoft Visual Studio Solution File, Format Version 12.00
# Visual Studio 14
VisualStudioVersion = 14.0.25420.1
MinimumVisualStudioVersion = 10.0.40219.1
Project("{FAE04EC0-301F-11D3-BF4B-00C04F79EFBC}") = "Quiron.LojaVirtual.Dominio", "Quiron.LojaVirtual.Dominio\Quiron.LojaVirtual.Dominio.csproj", "{29B6535B-C3D3-4E86-A957-E2C8EAE217DC}"
EndProject
Project("{FAE04EC0-301F-11D3-BF4B-00C04F79EFBC}") = "Quiron.LojaVirtual.Web", "Quiron.LojaVirtual.Web\Quiron.LojaVirtual.Web.csproj", "{8D2E7A31-BF4C-4962-9788-E9C614BB660B}"
EndProject
Project("{FAE04EC0-301F-11D3-BF4B-00C04F79EFBC}") = "Quiron.LojaVirtual.UnitTest", "Quiron.LojaVirtual.UnitTest\Quiron.LojaVirtual.UnitTest.csproj", "{2311A646-0066-4C2F-8AD4-913F8226425C}"
EndProject
Global
	GlobalSection(SolutionConfigurationPlatforms) = preSolution
		Debug|Any CPU = Debug|Any CPU
		Release|Any CPU = Release|Any CPU
	EndGlobalSection
	GlobalSection(ProjectConfigurationPlatforms) = postSolution
		{29B6535B-C3D3-4E86-A957-E2C8EAE217DC}.Debug|Any CPU.ActiveCfg = Debug|Any CPU
		{29B6535B-C3D3-4E86-A957-E2C8EAE217DC}.Debug|Any CPU.Build.0 = Debug|Any CPU
		{29B6535B-C3D3-4E86-A957-E2C8EAE217DC}.Release|Any CPU.ActiveCfg = Release|Any CPU
		{29B6535B-C3D3-4E86-A957-E2C8EAE217DC}.Release|Any CPU.Build.0 = Release|Any CPU
		{8D2E7A31-BF4C-4962-9788-E9C614BB660B}.Debug|Any CPU.ActiveCfg = Debug|Any CPU
		{8D2E7A31-BF4C-4962-9788-E9C614BB660B}.Debug|Any CPU.Build.0 = Debug|Any CPU
		{8D2E7A31-BF4C-4962-9788-E9C614BB660B}.Release|Any CPU.ActiveCfg = Release|Any CPU
		{8D2E7A31-BF4C-4962-9788-E9C614BB660B}.Release|Any CPU.Build.0 = Release|Any CPU
		{2311A646-0066-4C2F-8AD4-913F8226425C}.Debug|Any CPU.ActiveCfg = Debug|Any CPU
		{2311A646-0066-4C2F-8AD4-913F8226425C}.Debug|Any CPU.Build.0 = Debug|Any CPU
		{2311A646-0066-4C2F-8AD4-913F8226425C}.Release|Any CPU.ActiveCfg = Release|Any CPU
		{2311A646-0066-4C2F-8AD4-913F8226425C}.Release|Any CPU.Build.0 = Release|Any CPU
	EndGlobalSection
	GlobalSection(SolutionProperties) = preSolution
		HideSolutionNode = FALSE
	EndGlobalSection
EndGlobal
